
Microsoft Visual Studio Solution File, Format Version 12.00
# Visual Studio 2013
VisualStudioVersion = 12.0.31101.0
MinimumVisualStudioVersion = 10.0.40219.1
Project("{FAE04EC0-301F-11D3-BF4B-00C04F79EFBC}") = "Gnosis", "Gnosis\Gnosis.csproj", "{05A6CEBB-860C-4FFA-8AE1-99FFF5F1792C}"
EndProject
Project("{FAE04EC0-301F-11D3-BF4B-00C04F79EFBC}") = "Gnosis.Entities", "Gnosis.Entities\Gnosis.Entities.csproj", "{BB9B1872-451B-4CDE-9498-CFB8FDBEB2F8}"
EndProject
Project("{FAE04EC0-301F-11D3-BF4B-00C04F79EFBC}") = "Stryker.PUPA", "Stryker.PUPA\Stryker.PUPA.csproj", "{7E8EEF70-6E8C-4D81-9FD5-1ECF98461BEE}"
EndProject
Project("{FAE04EC0-301F-11D3-BF4B-00C04F79EFBC}") = "Gnosis.Entities.Examples", "Gnosis.Entities.Examples\Gnosis.Entities.Examples.csproj", "{773729DF-EB98-4D4C-AE1F-25FB82C3A9A2}"
EndProject
Project("{FAE04EC0-301F-11D3-BF4B-00C04F79EFBC}") = "Gnosis.Data", "Gnosis.Data\Gnosis.Data.csproj", "{41FB9458-9A29-4EDD-911B-0FB523F3C116}"
EndProject
Project("{FAE04EC0-301F-11D3-BF4B-00C04F79EFBC}") = "Gnosis.Entities.Testing", "Gnosis.Entities.Testing\Gnosis.Entities.Testing.csproj", "{8B08846D-A5C1-4383-80D5-D2E249650601}"
EndProject
Project("{FAE04EC0-301F-11D3-BF4B-00C04F79EFBC}") = "Gnosis.Reflection", "Gnosis.Reflection\Gnosis.Reflection.csproj", "{13B14358-6D0E-4E40-A8A1-19E997F41BF2}"
EndProject
Project("{FAE04EC0-301F-11D3-BF4B-00C04F79EFBC}") = "Gnosis.Entities.Examples.WebApplication", "Gnosis.Entities.Examples.WebApplication\Gnosis.Entities.Examples.WebApplication.csproj", "{2ECC6270-B7A8-4478-B599-6DF10E6E3239}"
EndProject
Project("{FAE04EC0-301F-11D3-BF4B-00C04F79EFBC}") = "Gnosis.Mvc", "Gnosis.Mvc\Gnosis.Mvc.csproj", "{A04E5D9E-EB57-4808-94C0-9CCDE533CA50}"
EndProject
Project("{FAE04EC0-301F-11D3-BF4B-00C04F79EFBC}") = "Gnosis.Entities.Mvc", "Gnosis.Entities.Mvc\Gnosis.Entities.Mvc.csproj", "{2459C570-4675-4AFA-9A84-DD6D0F7C541A}"
EndProject
Project("{FAE04EC0-301F-11D3-BF4B-00C04F79EFBC}") = "Gnosis.Testing", "Gnosis.Testing\Gnosis.Testing.csproj", "{F8065068-FDC6-4315-89FE-32D28B79CF26}"
EndProject
Project("{FAE04EC0-301F-11D3-BF4B-00C04F79EFBC}") = "Gnosis.UnitTests", "Gnosis.UnitTests\Gnosis.UnitTests.csproj", "{E50EA1A8-5F58-41BA-9440-FBDDE08608F6}"
EndProject
Project("{FAE04EC0-301F-11D3-BF4B-00C04F79EFBC}") = "Gnosis.Entities.MongoDb", "Gnosis.Entities.MongoDb\Gnosis.Entities.MongoDb.csproj", "{E953B494-B3B7-474F-AE54-69DF1A10DE6F}"
EndProject
Global
	GlobalSection(SolutionConfigurationPlatforms) = preSolution
		Debug|Any CPU = Debug|Any CPU
		Release|Any CPU = Release|Any CPU
	EndGlobalSection
	GlobalSection(ProjectConfigurationPlatforms) = postSolution
		{05A6CEBB-860C-4FFA-8AE1-99FFF5F1792C}.Debug|Any CPU.ActiveCfg = Debug|Any CPU
		{05A6CEBB-860C-4FFA-8AE1-99FFF5F1792C}.Debug|Any CPU.Build.0 = Debug|Any CPU
		{05A6CEBB-860C-4FFA-8AE1-99FFF5F1792C}.Release|Any CPU.ActiveCfg = Release|Any CPU
		{05A6CEBB-860C-4FFA-8AE1-99FFF5F1792C}.Release|Any CPU.Build.0 = Release|Any CPU
		{BB9B1872-451B-4CDE-9498-CFB8FDBEB2F8}.Debug|Any CPU.ActiveCfg = Debug|Any CPU
		{BB9B1872-451B-4CDE-9498-CFB8FDBEB2F8}.Debug|Any CPU.Build.0 = Debug|Any CPU
		{BB9B1872-451B-4CDE-9498-CFB8FDBEB2F8}.Release|Any CPU.ActiveCfg = Release|Any CPU
		{BB9B1872-451B-4CDE-9498-CFB8FDBEB2F8}.Release|Any CPU.Build.0 = Release|Any CPU
		{7E8EEF70-6E8C-4D81-9FD5-1ECF98461BEE}.Debug|Any CPU.ActiveCfg = Debug|Any CPU
		{7E8EEF70-6E8C-4D81-9FD5-1ECF98461BEE}.Debug|Any CPU.Build.0 = Debug|Any CPU
		{7E8EEF70-6E8C-4D81-9FD5-1ECF98461BEE}.Release|Any CPU.ActiveCfg = Release|Any CPU
		{7E8EEF70-6E8C-4D81-9FD5-1ECF98461BEE}.Release|Any CPU.Build.0 = Release|Any CPU
		{773729DF-EB98-4D4C-AE1F-25FB82C3A9A2}.Debug|Any CPU.ActiveCfg = Debug|Any CPU
		{773729DF-EB98-4D4C-AE1F-25FB82C3A9A2}.Debug|Any CPU.Build.0 = Debug|Any CPU
		{773729DF-EB98-4D4C-AE1F-25FB82C3A9A2}.Release|Any CPU.ActiveCfg = Release|Any CPU
		{773729DF-EB98-4D4C-AE1F-25FB82C3A9A2}.Release|Any CPU.Build.0 = Release|Any CPU
		{41FB9458-9A29-4EDD-911B-0FB523F3C116}.Debug|Any CPU.ActiveCfg = Debug|Any CPU
		{41FB9458-9A29-4EDD-911B-0FB523F3C116}.Debug|Any CPU.Build.0 = Debug|Any CPU
		{41FB9458-9A29-4EDD-911B-0FB523F3C116}.Release|Any CPU.ActiveCfg = Release|Any CPU
		{41FB9458-9A29-4EDD-911B-0FB523F3C116}.Release|Any CPU.Build.0 = Release|Any CPU
		{8B08846D-A5C1-4383-80D5-D2E249650601}.Debug|Any CPU.ActiveCfg = Debug|Any CPU
		{8B08846D-A5C1-4383-80D5-D2E249650601}.Debug|Any CPU.Build.0 = Debug|Any CPU
		{8B08846D-A5C1-4383-80D5-D2E249650601}.Release|Any CPU.ActiveCfg = Release|Any CPU
		{8B08846D-A5C1-4383-80D5-D2E249650601}.Release|Any CPU.Build.0 = Release|Any CPU
		{13B14358-6D0E-4E40-A8A1-19E997F41BF2}.Debug|Any CPU.ActiveCfg = Debug|Any CPU
		{13B14358-6D0E-4E40-A8A1-19E997F41BF2}.Debug|Any CPU.Build.0 = Debug|Any CPU
		{13B14358-6D0E-4E40-A8A1-19E997F41BF2}.Release|Any CPU.ActiveCfg = Release|Any CPU
		{13B14358-6D0E-4E40-A8A1-19E997F41BF2}.Release|Any CPU.Build.0 = Release|Any CPU
		{2ECC6270-B7A8-4478-B599-6DF10E6E3239}.Debug|Any CPU.ActiveCfg = Debug|Any CPU
		{2ECC6270-B7A8-4478-B599-6DF10E6E3239}.Debug|Any CPU.Build.0 = Debug|Any CPU
		{2ECC6270-B7A8-4478-B599-6DF10E6E3239}.Release|Any CPU.ActiveCfg = Release|Any CPU
		{2ECC6270-B7A8-4478-B599-6DF10E6E3239}.Release|Any CPU.Build.0 = Release|Any CPU
		{A04E5D9E-EB57-4808-94C0-9CCDE533CA50}.Debug|Any CPU.ActiveCfg = Debug|Any CPU
		{A04E5D9E-EB57-4808-94C0-9CCDE533CA50}.Debug|Any CPU.Build.0 = Debug|Any CPU
		{A04E5D9E-EB57-4808-94C0-9CCDE533CA50}.Release|Any CPU.ActiveCfg = Release|Any CPU
		{A04E5D9E-EB57-4808-94C0-9CCDE533CA50}.Release|Any CPU.Build.0 = Release|Any CPU
		{2459C570-4675-4AFA-9A84-DD6D0F7C541A}.Debug|Any CPU.ActiveCfg = Debug|Any CPU
		{2459C570-4675-4AFA-9A84-DD6D0F7C541A}.Debug|Any CPU.Build.0 = Debug|Any CPU
		{2459C570-4675-4AFA-9A84-DD6D0F7C541A}.Release|Any CPU.ActiveCfg = Release|Any CPU
		{2459C570-4675-4AFA-9A84-DD6D0F7C541A}.Release|Any CPU.Build.0 = Release|Any CPU
		{F8065068-FDC6-4315-89FE-32D28B79CF26}.Debug|Any CPU.ActiveCfg = Debug|Any CPU
		{F8065068-FDC6-4315-89FE-32D28B79CF26}.Debug|Any CPU.Build.0 = Debug|Any CPU
		{F8065068-FDC6-4315-89FE-32D28B79CF26}.Release|Any CPU.ActiveCfg = Release|Any CPU
		{F8065068-FDC6-4315-89FE-32D28B79CF26}.Release|Any CPU.Build.0 = Release|Any CPU
		{E50EA1A8-5F58-41BA-9440-FBDDE08608F6}.Debug|Any CPU.ActiveCfg = Debug|Any CPU
		{E50EA1A8-5F58-41BA-9440-FBDDE08608F6}.Debug|Any CPU.Build.0 = Debug|Any CPU
		{E50EA1A8-5F58-41BA-9440-FBDDE08608F6}.Release|Any CPU.ActiveCfg = Release|Any CPU
		{E50EA1A8-5F58-41BA-9440-FBDDE08608F6}.Release|Any CPU.Build.0 = Release|Any CPU
		{E953B494-B3B7-474F-AE54-69DF1A10DE6F}.Debug|Any CPU.ActiveCfg = Debug|Any CPU
		{E953B494-B3B7-474F-AE54-69DF1A10DE6F}.Debug|Any CPU.Build.0 = Debug|Any CPU
		{E953B494-B3B7-474F-AE54-69DF1A10DE6F}.Release|Any CPU.ActiveCfg = Release|Any CPU
		{E953B494-B3B7-474F-AE54-69DF1A10DE6F}.Release|Any CPU.Build.0 = Release|Any CPU
	EndGlobalSection
	GlobalSection(SolutionProperties) = preSolution
		HideSolutionNode = FALSE
	EndGlobalSection
EndGlobal
